
Microsoft Visual Studio Solution File, Format Version 12.00
# Visual Studio Version 17
VisualStudioVersion = 17.0.31903.59
MinimumVisualStudioVersion = 10.0.40219.1
Project("{FAE04EC0-301F-11D3-BF4B-00C04F79EFBC}") = "WebApi", "WebApi\WebApi.csproj", "{325CFBC3-A595-4F67-8BBF-959AA9C64D6B}"
EndProject
Project("{FAE04EC0-301F-11D3-BF4B-00C04F79EFBC}") = "Infrastructure", "Infrastructure\Infrastructure.csproj", "{16F71550-09D1-43E3-8720-987E596E3D02}"
EndProject
Project("{FAE04EC0-301F-11D3-BF4B-00C04F79EFBC}") = "Domain", "Domain\Domain.csproj", "{4F40E963-EF0E-45EA-AFF9-CF1216C1E726}"
EndProject
Global
	GlobalSection(SolutionConfigurationPlatforms) = preSolution
		Debug|Any CPU = Debug|Any CPU
		Release|Any CPU = Release|Any CPU
	EndGlobalSection
	GlobalSection(SolutionProperties) = preSolution
		HideSolutionNode = FALSE
	EndGlobalSection
	GlobalSection(ProjectConfigurationPlatforms) = postSolution
		{325CFBC3-A595-4F67-8BBF-959AA9C64D6B}.Debug|Any CPU.ActiveCfg = Debug|Any CPU
		{325CFBC3-A595-4F67-8BBF-959AA9C64D6B}.Debug|Any CPU.Build.0 = Debug|Any CPU
		{325CFBC3-A595-4F67-8BBF-959AA9C64D6B}.Release|Any CPU.ActiveCfg = Release|Any CPU
		{325CFBC3-A595-4F67-8BBF-959AA9C64D6B}.Release|Any CPU.Build.0 = Release|Any CPU
		{16F71550-09D1-43E3-8720-987E596E3D02}.Debug|Any CPU.ActiveCfg = Debug|Any CPU
		{16F71550-09D1-43E3-8720-987E596E3D02}.Debug|Any CPU.Build.0 = Debug|Any CPU
		{16F71550-09D1-43E3-8720-987E596E3D02}.Release|Any CPU.ActiveCfg = Release|Any CPU
		{16F71550-09D1-43E3-8720-987E596E3D02}.Release|Any CPU.Build.0 = Release|Any CPU
		{4F40E963-EF0E-45EA-AFF9-CF1216C1E726}.Debug|Any CPU.ActiveCfg = Debug|Any CPU
		{4F40E963-EF0E-45EA-AFF9-CF1216C1E726}.Debug|Any CPU.Build.0 = Debug|Any CPU
		{4F40E963-EF0E-45EA-AFF9-CF1216C1E726}.Release|Any CPU.ActiveCfg = Release|Any CPU
		{4F40E963-EF0E-45EA-AFF9-CF1216C1E726}.Release|Any CPU.Build.0 = Release|Any CPU
	EndGlobalSection
EndGlobal
